
Microsoft Visual Studio Solution File, Format Version 12.00
# Visual Studio 15
VisualStudioVersion = 15.0.28307.329
MinimumVisualStudioVersion = 10.0.40219.1
Project("{FAE04EC0-301F-11D3-BF4B-00C04F79EFBC}") = "MobileCalculator.Android", "MobileCalculator\MobileCalculator.Android\MobileCalculator.Android.csproj", "{F764C1CE-F63D-4506-8253-2722ED2C2939}"
EndProject
Project("{FAE04EC0-301F-11D3-BF4B-00C04F79EFBC}") = "MobileCalculator.iOS", "MobileCalculator\MobileCalculator.iOS\MobileCalculator.iOS.csproj", "{2C8AEF5E-B72C-4014-A88A-B2B701B28C42}"
EndProject
Project("{FAE04EC0-301F-11D3-BF4B-00C04F79EFBC}") = "MobileCalculator", "MobileCalculator\MobileCalculator\MobileCalculator.csproj", "{3CE434CC-02D8-459E-90A4-E83E4112EBED}"
EndProject
Global
	GlobalSection(SolutionConfigurationPlatforms) = preSolution
		Ad-Hoc|Any CPU = Ad-Hoc|Any CPU
		Ad-Hoc|iPhone = Ad-Hoc|iPhone
		Ad-Hoc|iPhoneSimulator = Ad-Hoc|iPhoneSimulator
		AppStore|Any CPU = AppStore|Any CPU
		AppStore|iPhone = AppStore|iPhone
		AppStore|iPhoneSimulator = AppStore|iPhoneSimulator
		Debug|Any CPU = Debug|Any CPU
		Debug|iPhone = Debug|iPhone
		Debug|iPhoneSimulator = Debug|iPhoneSimulator
		Release|Any CPU = Release|Any CPU
		Release|iPhone = Release|iPhone
		Release|iPhoneSimulator = Release|iPhoneSimulator
	EndGlobalSection
	GlobalSection(ProjectConfigurationPlatforms) = postSolution
		{F764C1CE-F63D-4506-8253-2722ED2C2939}.Ad-Hoc|Any CPU.ActiveCfg = Release|Any CPU
		{F764C1CE-F63D-4506-8253-2722ED2C2939}.Ad-Hoc|Any CPU.Build.0 = Release|Any CPU
		{F764C1CE-F63D-4506-8253-2722ED2C2939}.Ad-Hoc|Any CPU.Deploy.0 = Release|Any CPU
		{F764C1CE-F63D-4506-8253-2722ED2C2939}.Ad-Hoc|iPhone.ActiveCfg = Release|Any CPU
		{F764C1CE-F63D-4506-8253-2722ED2C2939}.Ad-Hoc|iPhone.Build.0 = Release|Any CPU
		{F764C1CE-F63D-4506-8253-2722ED2C2939}.Ad-Hoc|iPhone.Deploy.0 = Release|Any CPU
		{F764C1CE-F63D-4506-8253-2722ED2C2939}.Ad-Hoc|iPhoneSimulator.ActiveCfg = Release|Any CPU
		{F764C1CE-F63D-4506-8253-2722ED2C2939}.Ad-Hoc|iPhoneSimulator.Build.0 = Release|Any CPU
		{F764C1CE-F63D-4506-8253-2722ED2C2939}.Ad-Hoc|iPhoneSimulator.Deploy.0 = Release|Any CPU
		{F764C1CE-F63D-4506-8253-2722ED2C2939}.AppStore|Any CPU.ActiveCfg = Release|Any CPU
		{F764C1CE-F63D-4506-8253-2722ED2C2939}.AppStore|Any CPU.Build.0 = Release|Any CPU
		{F764C1CE-F63D-4506-8253-2722ED2C2939}.AppStore|Any CPU.Deploy.0 = Release|Any CPU
		{F764C1CE-F63D-4506-8253-2722ED2C2939}.AppStore|iPhone.ActiveCfg = Release|Any CPU
		{F764C1CE-F63D-4506-8253-2722ED2C2939}.AppStore|iPhone.Build.0 = Release|Any CPU
		{F764C1CE-F63D-4506-8253-2722ED2C2939}.AppStore|iPhone.Deploy.0 = Release|Any CPU
		{F764C1CE-F63D-4506-8253-2722ED2C2939}.AppStore|iPhoneSimulator.ActiveCfg = Release|Any CPU
		{F764C1CE-F63D-4506-8253-2722ED2C2939}.AppStore|iPhoneSimulator.Build.0 = Release|Any CPU
		{F764C1CE-F63D-4506-8253-2722ED2C2939}.AppStore|iPhoneSimulator.Deploy.0 = Release|Any CPU
		{F764C1CE-F63D-4506-8253-2722ED2C2939}.Debug|Any CPU.ActiveCfg = Debug|Any CPU
		{F764C1CE-F63D-4506-8253-2722ED2C2939}.Debug|Any CPU.Build.0 = Debug|Any CPU
		{F764C1CE-F63D-4506-8253-2722ED2C2939}.Debug|Any CPU.Deploy.0 = Debug|Any CPU
		{F764C1CE-F63D-4506-8253-2722ED2C2939}.Debug|iPhone.ActiveCfg = Debug|Any CPU
		{F764C1CE-F63D-4506-8253-2722ED2C2939}.Debug|iPhone.Build.0 = Debug|Any CPU
		{F764C1CE-F63D-4506-8253-2722ED2C2939}.Debug|iPhone.Deploy.0 = Debug|Any CPU
		{F764C1CE-F63D-4506-8253-2722ED2C2939}.Debug|iPhoneSimulator.ActiveCfg = Debug|Any CPU
		{F764C1CE-F63D-4506-8253-2722ED2C2939}.Debug|iPhoneSimulator.Build.0 = Debug|Any CPU
		{F764C1CE-F63D-4506-8253-2722ED2C2939}.Debug|iPhoneSimulator.Deploy.0 = Debug|Any CPU
		{F764C1CE-F63D-4506-8253-2722ED2C2939}.Release|Any CPU.ActiveCfg = Release|Any CPU
		{F764C1CE-F63D-4506-8253-2722ED2C2939}.Release|Any CPU.Build.0 = Release|Any CPU
		{F764C1CE-F63D-4506-8253-2722ED2C2939}.Release|Any CPU.Deploy.0 = Release|Any CPU
		{F764C1CE-F63D-4506-8253-2722ED2C2939}.Release|iPhone.ActiveCfg = Release|Any CPU
		{F764C1CE-F63D-4506-8253-2722ED2C2939}.Release|iPhone.Build.0 = Release|Any CPU
		{F764C1CE-F63D-4506-8253-2722ED2C2939}.Release|iPhone.Deploy.0 = Release|Any CPU
		{F764C1CE-F63D-4506-8253-2722ED2C2939}.Release|iPhoneSimulator.ActiveCfg = Release|Any CPU
		{F764C1CE-F63D-4506-8253-2722ED2C2939}.Release|iPhoneSimulator.Build.0 = Release|Any CPU
		{F764C1CE-F63D-4506-8253-2722ED2C2939}.Release|iPhoneSimulator.Deploy.0 = Release|Any CPU
		{2C8AEF5E-B72C-4014-A88A-B2B701B28C42}.Ad-Hoc|Any CPU.ActiveCfg = Ad-Hoc|iPhone
		{2C8AEF5E-B72C-4014-A88A-B2B701B28C42}.Ad-Hoc|Any CPU.Build.0 = Ad-Hoc|iPhone
		{2C8AEF5E-B72C-4014-A88A-B2B701B28C42}.Ad-Hoc|Any CPU.Deploy.0 = Ad-Hoc|iPhone
		{2C8AEF5E-B72C-4014-A88A-B2B701B28C42}.Ad-Hoc|iPhone.ActiveCfg = Ad-Hoc|iPhone
		{2C8AEF5E-B72C-4014-A88A-B2B701B28C42}.Ad-Hoc|iPhone.Build.0 = Ad-Hoc|iPhone
		{2C8AEF5E-B72C-4014-A88A-B2B701B28C42}.Ad-Hoc|iPhone.Deploy.0 = Ad-Hoc|iPhone
		{2C8AEF5E-B72C-4014-A88A-B2B701B28C42}.Ad-Hoc|iPhoneSimulator.ActiveCfg = Ad-Hoc|iPhoneSimulator
		{2C8AEF5E-B72C-4014-A88A-B2B701B28C42}.Ad-Hoc|iPhoneSimulator.Build.0 = Ad-Hoc|iPhoneSimulator
		{2C8AEF5E-B72C-4014-A88A-B2B701B28C42}.Ad-Hoc|iPhoneSimulator.Deploy.0 = Ad-Hoc|iPhoneSimulator
		{2C8AEF5E-B72C-4014-A88A-B2B701B28C42}.AppStore|Any CPU.ActiveCfg = AppStore|iPhone
		{2C8AEF5E-B72C-4014-A88A-B2B701B28C42}.AppStore|Any CPU.Build.0 = AppStore|iPhone
		{2C8AEF5E-B72C-4014-A88A-B2B701B28C42}.AppStore|Any CPU.Deploy.0 = AppStore|iPhone
		{2C8AEF5E-B72C-4014-A88A-B2B701B28C42}.AppStore|iPhone.ActiveCfg = AppStore|iPhone
		{2C8AEF5E-B72C-4014-A88A-B2B701B28C42}.AppStore|iPhone.Build.0 = AppStore|iPhone
		{2C8AEF5E-B72C-4014-A88A-B2B701B28C42}.AppStore|iPhone.Deploy.0 = AppStore|iPhone
		{2C8AEF5E-B72C-4014-A88A-B2B701B28C42}.AppStore|iPhoneSimulator.ActiveCfg = AppStore|iPhoneSimulator
		{2C8AEF5E-B72C-4014-A88A-B2B701B28C42}.AppStore|iPhoneSimulator.Build.0 = AppStore|iPhoneSimulator
		{2C8AEF5E-B72C-4014-A88A-B2B701B28C42}.AppStore|iPhoneSimulator.Deploy.0 = AppStore|iPhoneSimulator
		{2C8AEF5E-B72C-4014-A88A-B2B701B28C42}.Debug|Any CPU.ActiveCfg = Debug|iPhoneSimulator
		{2C8AEF5E-B72C-4014-A88A-B2B701B28C42}.Debug|Any CPU.Build.0 = Debug|iPhoneSimulator
		{2C8AEF5E-B72C-4014-A88A-B2B701B28C42}.Debug|Any CPU.Deploy.0 = Debug|iPhoneSimulator
		{2C8AEF5E-B72C-4014-A88A-B2B701B28C42}.Debug|iPhone.ActiveCfg = Debug|iPhone
		{2C8AEF5E-B72C-4014-A88A-B2B701B28C42}.Debug|iPhone.Build.0 = Debug|iPhone
		{2C8AEF5E-B72C-4014-A88A-B2B701B28C42}.Debug|iPhone.Deploy.0 = Debug|iPhone
		{2C8AEF5E-B72C-4014-A88A-B2B701B28C42}.Debug|iPhoneSimulator.ActiveCfg = Debug|iPhoneSimulator
		{2C8AEF5E-B72C-4014-A88A-B2B701B28C42}.Debug|iPhoneSimulator.Build.0 = Debug|iPhoneSimulator
		{2C8AEF5E-B72C-4014-A88A-B2B701B28C42}.Debug|iPhoneSimulator.Deploy.0 = Debug|iPhoneSimulator
		{2C8AEF5E-B72C-4014-A88A-B2B701B28C42}.Release|Any CPU.ActiveCfg = Release|iPhone
		{2C8AEF5E-B72C-4014-A88A-B2B701B28C42}.Release|Any CPU.Build.0 = Release|iPhone
		{2C8AEF5E-B72C-4014-A88A-B2B701B28C42}.Release|Any CPU.Deploy.0 = Release|iPhone
		{2C8AEF5E-B72C-4014-A88A-B2B701B28C42}.Release|iPhone.ActiveCfg = Release|iPhone
		{2C8AEF5E-B72C-4014-A88A-B2B701B28C42}.Release|iPhone.Build.0 = Release|iPhone
		{2C8AEF5E-B72C-4014-A88A-B2B701B28C42}.Release|iPhone.Deploy.0 = Release|iPhone
		{2C8AEF5E-B72C-4014-A88A-B2B701B28C42}.Release|iPhoneSimulator.ActiveCfg = Release|iPhoneSimulator
		{2C8AEF5E-B72C-4014-A88A-B2B701B28C42}.Release|iPhoneSimulator.Build.0 = Release|iPhoneSimulator
		{2C8AEF5E-B72C-4014-A88A-B2B701B28C42}.Release|iPhoneSimulator.Deploy.0 = Release|iPhoneSimulator
		{3CE434CC-02D8-459E-90A4-E83E4112EBED}.Ad-Hoc|Any CPU.ActiveCfg = Debug|Any CPU
		{3CE434CC-02D8-459E-90A4-E83E4112EBED}.Ad-Hoc|Any CPU.Build.0 = Debug|Any CPU
		{3CE434CC-02D8-459E-90A4-E83E4112EBED}.Ad-Hoc|Any CPU.Deploy.0 = Debug|Any CPU
		{3CE434CC-02D8-459E-90A4-E83E4112EBED}.Ad-Hoc|iPhone.ActiveCfg = Debug|Any CPU
		{3CE434CC-02D8-459E-90A4-E83E4112EBED}.Ad-Hoc|iPhone.Build.0 = Debug|Any CPU
		{3CE434CC-02D8-459E-90A4-E83E4112EBED}.Ad-Hoc|iPhone.Deploy.0 = Debug|Any CPU
		{3CE434CC-02D8-459E-90A4-E83E4112EBED}.Ad-Hoc|iPhoneSimulator.ActiveCfg = Debug|Any CPU
		{3CE434CC-02D8-459E-90A4-E83E4112EBED}.Ad-Hoc|iPhoneSimulator.Build.0 = Debug|Any CPU
		{3CE434CC-02D8-459E-90A4-E83E4112EBED}.Ad-Hoc|iPhoneSimulator.Deploy.0 = Debug|Any CPU
		{3CE434CC-02D8-459E-90A4-E83E4112EBED}.AppStore|Any CPU.ActiveCfg = Debug|Any CPU
		{3CE434CC-02D8-459E-90A4-E83E4112EBED}.AppStore|Any CPU.Build.0 = Debug|Any CPU
		{3CE434CC-02D8-459E-90A4-E83E4112EBED}.AppStore|Any CPU.Deploy.0 = Debug|Any CPU
		{3CE434CC-02D8-459E-90A4-E83E4112EBED}.AppStore|iPhone.ActiveCfg = Debug|Any CPU
		{3CE434CC-02D8-459E-90A4-E83E4112EBED}.AppStore|iPhone.Build.0 = Debug|Any CPU
		{3CE434CC-02D8-459E-90A4-E83E4112EBED}.AppStore|iPhone.Deploy.0 = Debug|Any CPU
		{3CE434CC-02D8-459E-90A4-E83E4112EBED}.AppStore|iPhoneSimulator.ActiveCfg = Debug|Any CPU
		{3CE434CC-02D8-459E-90A4-E83E4112EBED}.AppStore|iPhoneSimulator.Build.0 = Debug|Any CPU
		{3CE434CC-02D8-459E-90A4-E83E4112EBED}.AppStore|iPhoneSimulator.Deploy.0 = Debug|Any CPU
		{3CE434CC-02D8-459E-90A4-E83E4112EBED}.Debug|Any CPU.ActiveCfg = Debug|Any CPU
		{3CE434CC-02D8-459E-90A4-E83E4112EBED}.Debug|Any CPU.Build.0 = Debug|Any CPU
		{3CE434CC-02D8-459E-90A4-E83E4112EBED}.Debug|Any CPU.Deploy.0 = Debug|Any CPU
		{3CE434CC-02D8-459E-90A4-E83E4112EBED}.Debug|iPhone.ActiveCfg = Debug|Any CPU
		{3CE434CC-02D8-459E-90A4-E83E4112EBED}.Debug|iPhone.Build.0 = Debug|Any CPU
		{3CE434CC-02D8-459E-90A4-E83E4112EBED}.Debug|iPhone.Deploy.0 = Debug|Any CPU
		{3CE434CC-02D8-459E-90A4-E83E4112EBED}.Debug|iPhoneSimulator.ActiveCfg = Debug|Any CPU
		{3CE434CC-02D8-459E-90A4-E83E4112EBED}.Debug|iPhoneSimulator.Build.0 = Debug|Any CPU
		{3CE434CC-02D8-459E-90A4-E83E4112EBED}.Debug|iPhoneSimulator.Deploy.0 = Debug|Any CPU
		{3CE434CC-02D8-459E-90A4-E83E4112EBED}.Release|Any CPU.ActiveCfg = Release|Any CPU
		{3CE434CC-02D8-459E-90A4-E83E4112EBED}.Release|Any CPU.Build.0 = Release|Any CPU
		{3CE434CC-02D8-459E-90A4-E83E4112EBED}.Release|Any CPU.Deploy.0 = Release|Any CPU
		{3CE434CC-02D8-459E-90A4-E83E4112EBED}.Release|iPhone.ActiveCfg = Release|Any CPU
		{3CE434CC-02D8-459E-90A4-E83E4112EBED}.Release|iPhone.Build.0 = Release|Any CPU
		{3CE434CC-02D8-459E-90A4-E83E4112EBED}.Release|iPhone.Deploy.0 = Release|Any CPU
		{3CE434CC-02D8-459E-90A4-E83E4112EBED}.Release|iPhoneSimulator.ActiveCfg = Release|Any CPU
		{3CE434CC-02D8-459E-90A4-E83E4112EBED}.Release|iPhoneSimulator.Build.0 = Release|Any CPU
		{3CE434CC-02D8-459E-90A4-E83E4112EBED}.Release|iPhoneSimulator.Deploy.0 = Release|Any CPU
	EndGlobalSection
	GlobalSection(SolutionProperties) = preSolution
		HideSolutionNode = FALSE
	EndGlobalSection
	GlobalSection(ExtensibilityGlobals) = postSolution
		SolutionGuid = {EAA5D854-1F36-4F11-AFC6-5648A4D04B89}
	EndGlobalSection
EndGlobal
